hash: ac326044f6d4c1dddabe91420659512acce7ef8f0b47c0bced7ed94f9561ea92
updated: 2018-10-23T22:48:22.251216+11:00
imports:
- name: github.com/beorn7/perks
  version: 4c0e84591b9aa9e6dcfdf3e020114cd81f89d5f9
  subpackages:
  - quantile
- name: github.com/golang/protobuf
  version: b4deda0973fb4c70b50d226b1af49f3da59f5265
  subpackages:
  - proto
- name: github.com/matttproud/golang_protobuf_extensions
  version: 3247c84500bff8d9fb6d579d800f20b3e091582c
  subpackages:
  - pbutil
- name: github.com/prometheus/client_golang
  version: 1cafe34db7fdec6022e17e00e1c1ea501022f3e4
  subpackages:
  - prometheus
  - prometheus/internal
- name: github.com/prometheus/client_model
  version: 99fa1f4be8e564e8a6b613da7fa6f46c9edafc6c
  subpackages:
  - go
- name: github.com/prometheus/common
  version: e4aa40a9169a88835b849a6efb71e05dc04b88f0
  subpackages:
  - expfmt
  - internal/bitbucket.org/ww/goautoneg
  - model
- name: github.com/prometheus/procfs
  version: 54d17b57dd7d4a3aa092476596b3f8a933bde349
  subpackages:
  - internal/util
  - nfs
  - xfs
testImports:
- name: github.com/davecgh/go-spew
  version: d8f796af33cc11cb798c1aaeb27a4ebc5099927d
  subpackages:
  - spew
- name: github.com/pmezard/go-difflib
  version: 792786c7400a136282c1664665ae0a8db921c6c2
  subpackages:
  - difflib
- name: github.com/stretchr/testify
  version: f35b8ab0b5a2cef36673838d662e249dd9c94686
  subpackages:
  - assert
